
Microsoft Visual Studio Solution File, Format Version 12.00
# Visual Studio Version 17
VisualStudioVersion = 17.2.32526.322
MinimumVisualStudioVersion = 10.0.40219.1
Project("{FAE04EC0-301F-11D3-BF4B-00C04F79EFBC}") = "MvcCoreStorage", "MvcCoreStorage\MvcCoreStorage.csproj", "{706F726D-F63D-4226-A56A-076EFCA4821C}"
EndProject
Global
	GlobalSection(SolutionConfigurationPlatforms) = preSolution
		Debug|Any CPU = Debug|Any CPU
		Release|Any CPU = Release|Any CPU
	EndGlobalSection
	GlobalSection(ProjectConfigurationPlatforms) = postSolution
		{706F726D-F63D-4226-A56A-076EFCA4821C}.Debug|Any CPU.ActiveCfg = Debug|Any CPU
		{706F726D-F63D-4226-A56A-076EFCA4821C}.Debug|Any CPU.Build.0 = Debug|Any CPU
		{706F726D-F63D-4226-A56A-076EFCA4821C}.Release|Any CPU.ActiveCfg = Release|Any CPU
		{706F726D-F63D-4226-A56A-076EFCA4821C}.Release|Any CPU.Build.0 = Release|Any CPU
	EndGlobalSection
	GlobalSection(SolutionProperties) = preSolution
		HideSolutionNode = FALSE
	EndGlobalSection
	GlobalSection(ExtensibilityGlobals) = postSolution
		SolutionGuid = {D1F10309-4283-4A8C-AC9E-C81E893385DF}
	EndGlobalSection
EndGlobal
